
Microsoft Visual Studio Solution File, Format Version 12.00
# Visual Studio Version 17
VisualStudioVersion = 17.6.33801.468
MinimumVisualStudioVersion = 10.0.40219.1
Project("{8BC9CEB8-8B4A-11D0-8D11-00A0C91BC942}") = "pytimeleft", "pytimeleft.vcxproj", "{72A45FD8-6594-4B30-A464-2BADAAE02D88}"
EndProject
Global
	GlobalSection(SolutionConfigurationPlatforms) = preSolution
		Debug|x64 = Debug|x64
		Debug|x86 = Debug|x86
		Release|x64 = Release|x64
		Release|x86 = Release|x86
	EndGlobalSection
	GlobalSection(ProjectConfigurationPlatforms) = postSolution
		{72A45FD8-6594-4B30-A464-2BADAAE02D88}.Debug|x64.ActiveCfg = Debug|x64
		{72A45FD8-6594-4B30-A464-2BADAAE02D88}.Debug|x64.Build.0 = Debug|x64
		{72A45FD8-6594-4B30-A464-2BADAAE02D88}.Debug|x86.ActiveCfg = Debug|Win32
		{72A45FD8-6594-4B30-A464-2BADAAE02D88}.Debug|x86.Build.0 = Debug|Win32
		{72A45FD8-6594-4B30-A464-2BADAAE02D88}.Release|x64.ActiveCfg = Release|x64
		{72A45FD8-6594-4B30-A464-2BADAAE02D88}.Release|x64.Build.0 = Release|x64
		{72A45FD8-6594-4B30-A464-2BADAAE02D88}.Release|x86.ActiveCfg = Release|Win32
		{72A45FD8-6594-4B30-A464-2BADAAE02D88}.Release|x86.Build.0 = Release|Win32
	EndGlobalSection
	GlobalSection(SolutionProperties) = preSolution
		HideSolutionNode = FALSE
	EndGlobalSection
	GlobalSection(ExtensibilityGlobals) = postSolution
		SolutionGuid = {67E53C8F-0475-4F8B-8417-6B3FD5B6C03F}
	EndGlobalSection
EndGlobal
